
Microsoft Visual Studio Solution File, Format Version 12.00
# Visual Studio Version 16
VisualStudioVersion = 16.0.28714.193
MinimumVisualStudioVersion = 10.0.40219.1
Project("{9A19103F-16F7-4668-BE54-9A1E7A4F7556}") = "WeatherMap", "WeatherMap\WeatherMap.csproj", "{84C57E3A-00F3-4062-B4B2-37816C208C38}"
EndProject
Project("{FAE04EC0-301F-11D3-BF4B-00C04F79EFBC}") = "WeatherMap.Android", "WeatherMap.Android\WeatherMap.Android.csproj", "{EE7A140C-97C2-43F6-82EF-67EF441E1567}"
EndProject
Project("{FAE04EC0-301F-11D3-BF4B-00C04F79EFBC}") = "WeatherMap.iOS", "WeatherMap.iOS\WeatherMap.iOS.csproj", "{A78EDD1D-136B-45FF-A3AE-165E91ADD9AE}"
EndProject
Project("{FAE04EC0-301F-11D3-BF4B-00C04F79EFBC}") = "WeatherMap.UWP", "WeatherMap.UWP\WeatherMap.UWP.csproj", "{6F24CE22-C6C1-4BE4-A394-7650A0C25140}"
EndProject
Global
	GlobalSection(SolutionConfigurationPlatforms) = preSolution
		Ad-Hoc|Any CPU = Ad-Hoc|Any CPU
		Ad-Hoc|ARM = Ad-Hoc|ARM
		Ad-Hoc|iPhone = Ad-Hoc|iPhone
		Ad-Hoc|iPhoneSimulator = Ad-Hoc|iPhoneSimulator
		Ad-Hoc|x64 = Ad-Hoc|x64
		Ad-Hoc|x86 = Ad-Hoc|x86
		AppStore|Any CPU = AppStore|Any CPU
		AppStore|ARM = AppStore|ARM
		AppStore|iPhone = AppStore|iPhone
		AppStore|iPhoneSimulator = AppStore|iPhoneSimulator
		AppStore|x64 = AppStore|x64
		AppStore|x86 = AppStore|x86
		Debug|Any CPU = Debug|Any CPU
		Debug|ARM = Debug|ARM
		Debug|iPhone = Debug|iPhone
		Debug|iPhoneSimulator = Debug|iPhoneSimulator
		Debug|x64 = Debug|x64
		Debug|x86 = Debug|x86
		Release|Any CPU = Release|Any CPU
		Release|ARM = Release|ARM
		Release|iPhone = Release|iPhone
		Release|iPhoneSimulator = Release|iPhoneSimulator
		Release|x64 = Release|x64
		Release|x86 = Release|x86
	EndGlobalSection
	GlobalSection(ProjectConfigurationPlatforms) = postSolution
		{84C57E3A-00F3-4062-B4B2-37816C208C38}.Ad-Hoc|Any CPU.ActiveCfg = Debug|Any CPU
		{84C57E3A-00F3-4062-B4B2-37816C208C38}.Ad-Hoc|Any CPU.Build.0 = Debug|Any CPU
		{84C57E3A-00F3-4062-B4B2-37816C208C38}.Ad-Hoc|ARM.ActiveCfg = Debug|Any CPU
		{84C57E3A-00F3-4062-B4B2-37816C208C38}.Ad-Hoc|ARM.Build.0 = Debug|Any CPU
		{84C57E3A-00F3-4062-B4B2-37816C208C38}.Ad-Hoc|iPhone.ActiveCfg = Debug|Any CPU
		{84C57E3A-00F3-4062-B4B2-37816C208C38}.Ad-Hoc|iPhone.Build.0 = Debug|Any CPU
		{84C57E3A-00F3-4062-B4B2-37816C208C38}.Ad-Hoc|iPhoneSimulator.ActiveCfg = Debug|Any CPU
		{84C57E3A-00F3-4062-B4B2-37816C208C38}.Ad-Hoc|iPhoneSimulator.Build.0 = Debug|Any CPU
		{84C57E3A-00F3-4062-B4B2-37816C208C38}.Ad-Hoc|x64.ActiveCfg = Debug|Any CPU
		{84C57E3A-00F3-4062-B4B2-37816C208C38}.Ad-Hoc|x64.Build.0 = Debug|Any CPU
		{84C57E3A-00F3-4062-B4B2-37816C208C38}.Ad-Hoc|x86.ActiveCfg = Debug|Any CPU
		{84C57E3A-00F3-4062-B4B2-37816C208C38}.Ad-Hoc|x86.Build.0 = Debug|Any CPU
		{84C57E3A-00F3-4062-B4B2-37816C208C38}.AppStore|Any CPU.ActiveCfg = Debug|Any CPU
		{84C57E3A-00F3-4062-B4B2-37816C208C38}.AppStore|Any CPU.Build.0 = Debug|Any CPU
		{84C57E3A-00F3-4062-B4B2-37816C208C38}.AppStore|ARM.ActiveCfg = Debug|Any CPU
		{84C57E3A-00F3-4062-B4B2-37816C208C38}.AppStore|ARM.Build.0 = Debug|Any CPU
		{84C57E3A-00F3-4062-B4B2-37816C208C38}.AppStore|iPhone.ActiveCfg = Debug|Any CPU
		{84C57E3A-00F3-4062-B4B2-37816C208C38}.AppStore|iPhone.Build.0 = Debug|Any CPU
		{84C57E3A-00F3-4062-B4B2-37816C208C38}.AppStore|iPhoneSimulator.ActiveCfg = Debug|Any CPU
		{84C57E3A-00F3-4062-B4B2-37816C208C38}.AppStore|iPhoneSimulator.Build.0 = Debug|Any CPU
		{84C57E3A-00F3-4062-B4B2-37816C208C38}.AppStore|x64.ActiveCfg = Debug|Any CPU
		{84C57E3A-00F3-4062-B4B2-37816C208C38}.AppStore|x64.Build.0 = Debug|Any CPU
		{84C57E3A-00F3-4062-B4B2-37816C208C38}.AppStore|x86.ActiveCfg = Debug|Any CPU
		{84C57E3A-00F3-4062-B4B2-37816C208C38}.AppStore|x86.Build.0 = Debug|Any CPU
		{84C57E3A-00F3-4062-B4B2-37816C208C38}.Debug|Any CPU.ActiveCfg = Debug|Any CPU
		{84C57E3A-00F3-4062-B4B2-37816C208C38}.Debug|Any CPU.Build.0 = Debug|Any CPU
		{84C57E3A-00F3-4062-B4B2-37816C208C38}.Debug|ARM.ActiveCfg = Debug|Any CPU
		{84C57E3A-00F3-4062-B4B2-37816C208C38}.Debug|ARM.Build.0 = Debug|Any CPU
		{84C57E3A-00F3-4062-B4B2-37816C208C38}.Debug|iPhone.ActiveCfg = Debug|Any CPU
		{84C57E3A-00F3-4062-B4B2-37816C208C38}.Debug|iPhone.Build.0 = Debug|Any CPU
		{84C57E3A-00F3-4062-B4B2-37816C208C38}.Debug|iPhoneSimulator.ActiveCfg = Debug|Any CPU
		{84C57E3A-00F3-4062-B4B2-37816C208C38}.Debug|iPhoneSimulator.Build.0 = Debug|Any CPU
		{84C57E3A-00F3-4062-B4B2-37816C208C38}.Debug|x64.ActiveCfg = Debug|Any CPU
		{84C57E3A-00F3-4062-B4B2-37816C208C38}.Debug|x64.Build.0 = Debug|Any CPU
		{84C57E3A-00F3-4062-B4B2-37816C208C38}.Debug|x86.ActiveCfg = Debug|Any CPU
		{84C57E3A-00F3-4062-B4B2-37816C208C38}.Debug|x86.Build.0 = Debug|Any CPU
		{84C57E3A-00F3-4062-B4B2-37816C208C38}.Release|Any CPU.ActiveCfg = Release|Any CPU
		{84C57E3A-00F3-4062-B4B2-37816C208C38}.Release|Any CPU.Build.0 = Release|Any CPU
		{84C57E3A-00F3-4062-B4B2-37816C208C38}.Release|ARM.ActiveCfg = Release|Any CPU
		{84C57E3A-00F3-4062-B4B2-37816C208C38}.Release|ARM.Build.0 = Release|Any CPU
		{84C57E3A-00F3-4062-B4B2-37816C208C38}.Release|iPhone.ActiveCfg = Release|Any CPU
		{84C57E3A-00F3-4062-B4B2-37816C208C38}.Release|iPhone.Build.0 = Release|Any CPU
		{84C57E3A-00F3-4062-B4B2-37816C208C38}.Release|iPhoneSimulator.ActiveCfg = Release|Any CPU
		{84C57E3A-00F3-4062-B4B2-37816C208C38}.Release|iPhoneSimulator.Build.0 = Release|Any CPU
		{84C57E3A-00F3-4062-B4B2-37816C208C38}.Release|x64.ActiveCfg = Release|Any CPU
		{84C57E3A-00F3-4062-B4B2-37816C208C38}.Release|x64.Build.0 = Release|Any CPU
		{84C57E3A-00F3-4062-B4B2-37816C208C38}.Release|x86.ActiveCfg = Release|Any CPU
		{84C57E3A-00F3-4062-B4B2-37816C208C38}.Release|x86.Build.0 = Release|Any CPU
		{EE7A140C-97C2-43F6-82EF-67EF441E1567}.Ad-Hoc|Any CPU.ActiveCfg = Release|Any CPU
		{EE7A140C-97C2-43F6-82EF-67EF441E1567}.Ad-Hoc|Any CPU.Build.0 = Release|Any CPU
		{EE7A140C-97C2-43F6-82EF-67EF441E1567}.Ad-Hoc|Any CPU.Deploy.0 = Release|Any CPU
		{EE7A140C-97C2-43F6-82EF-67EF441E1567}.Ad-Hoc|ARM.ActiveCfg = Release|Any CPU
		{EE7A140C-97C2-43F6-82EF-67EF441E1567}.Ad-Hoc|ARM.Build.0 = Release|Any CPU
		{EE7A140C-97C2-43F6-82EF-67EF441E1567}.Ad-Hoc|ARM.Deploy.0 = Release|Any CPU
		{EE7A140C-97C2-43F6-82EF-67EF441E1567}.Ad-Hoc|iPhone.ActiveCfg = Release|Any CPU
		{EE7A140C-97C2-43F6-82EF-67EF441E1567}.Ad-Hoc|iPhone.Build.0 = Release|Any CPU
		{EE7A140C-97C2-43F6-82EF-67EF441E1567}.Ad-Hoc|iPhone.Deploy.0 = Release|Any CPU
		{EE7A140C-97C2-43F6-82EF-67EF441E1567}.Ad-Hoc|iPhoneSimulator.ActiveCfg = Release|Any CPU
		{EE7A140C-97C2-43F6-82EF-67EF441E1567}.Ad-Hoc|iPhoneSimulator.Build.0 = Release|Any CPU
		{EE7A140C-97C2-43F6-82EF-67EF441E1567}.Ad-Hoc|iPhoneSimulator.Deploy.0 = Release|Any CPU
		{EE7A140C-97C2-43F6-82EF-67EF441E1567}.Ad-Hoc|x64.ActiveCfg = Release|Any CPU
		{EE7A140C-97C2-43F6-82EF-67EF441E1567}.Ad-Hoc|x64.Build.0 = Release|Any CPU
		{EE7A140C-97C2-43F6-82EF-67EF441E1567}.Ad-Hoc|x64.Deploy.0 = Release|Any CPU
		{EE7A140C-97C2-43F6-82EF-67EF441E1567}.Ad-Hoc|x86.ActiveCfg = Release|Any CPU
		{EE7A140C-97C2-43F6-82EF-67EF441E1567}.Ad-Hoc|x86.Build.0 = Release|Any CPU
		{EE7A140C-97C2-43F6-82EF-67EF441E1567}.Ad-Hoc|x86.Deploy.0 = Release|Any CPU
		{EE7A140C-97C2-43F6-82EF-67EF441E1567}.AppStore|Any CPU.ActiveCfg = Release|Any CPU
		{EE7A140C-97C2-43F6-82EF-67EF441E1567}.AppStore|Any CPU.Build.0 = Release|Any CPU
		{EE7A140C-97C2-43F6-82EF-67EF441E1567}.AppStore|Any CPU.Deploy.0 = Release|Any CPU
		{EE7A140C-97C2-43F6-82EF-67EF441E1567}.AppStore|ARM.ActiveCfg = Release|Any CPU
		{EE7A140C-97C2-43F6-82EF-67EF441E1567}.AppStore|ARM.Build.0 = Release|Any CPU
		{EE7A140C-97C2-43F6-82EF-67EF441E1567}.AppStore|ARM.Deploy.0 = Release|Any CPU
		{EE7A140C-97C2-43F6-82EF-67EF441E1567}.AppStore|iPhone.ActiveCfg = Release|Any CPU
		{EE7A140C-97C2-43F6-82EF-67EF441E1567}.AppStore|iPhone.Build.0 = Release|Any CPU
		{EE7A140C-97C2-43F6-82EF-67EF441E1567}.AppStore|iPhone.Deploy.0 = Release|Any CPU
		{EE7A140C-97C2-43F6-82EF-67EF441E1567}.AppStore|iPhoneSimulator.ActiveCfg = Release|Any CPU
		{EE7A140C-97C2-43F6-82EF-67EF441E1567}.AppStore|iPhoneSimulator.Build.0 = Release|Any CPU
		{EE7A140C-97C2-43F6-82EF-67EF441E1567}.AppStore|iPhoneSimulator.Deploy.0 = Release|Any CPU
		{EE7A140C-97C2-43F6-82EF-67EF441E1567}.AppStore|x64.ActiveCfg = Release|Any CPU
		{EE7A140C-97C2-43F6-82EF-67EF441E1567}.AppStore|x64.Build.0 = Release|Any CPU
		{EE7A140C-97C2-43F6-82EF-67EF441E1567}.AppStore|x64.Deploy.0 = Release|Any CPU
		{EE7A140C-97C2-43F6-82EF-67EF441E1567}.AppStore|x86.ActiveCfg = Release|Any CPU
		{EE7A140C-97C2-43F6-82EF-67EF441E1567}.AppStore|x86.Build.0 = Release|Any CPU
		{EE7A140C-97C2-43F6-82EF-67EF441E1567}.AppStore|x86.Deploy.0 = Release|Any CPU
		{EE7A140C-97C2-43F6-82EF-67EF441E1567}.Debug|Any CPU.ActiveCfg = Debug|Any CPU
		{EE7A140C-97C2-43F6-82EF-67EF441E1567}.Debug|Any CPU.Build.0 = Debug|Any CPU
		{EE7A140C-97C2-43F6-82EF-67EF441E1567}.Debug|Any CPU.Deploy.0 = Debug|Any CPU
		{EE7A140C-97C2-43F6-82EF-67EF441E1567}.Debug|ARM.ActiveCfg = Debug|Any CPU
		{EE7A140C-97C2-43F6-82EF-67EF441E1567}.Debug|ARM.Build.0 = Debug|Any CPU
		{EE7A140C-97C2-43F6-82EF-67EF441E1567}.Debug|ARM.Deploy.0 = Debug|Any CPU
		{EE7A140C-97C2-43F6-82EF-67EF441E1567}.Debug|iPhone.ActiveCfg = Debug|Any CPU
		{EE7A140C-97C2-43F6-82EF-67EF441E1567}.Debug|iPhone.Build.0 = Debug|Any CPU
		{EE7A140C-97C2-43F6-82EF-67EF441E1567}.Debug|iPhone.Deploy.0 = Debug|Any CPU
		{EE7A140C-97C2-43F6-82EF-67EF441E1567}.Debug|iPhoneSimulator.ActiveCfg = Debug|Any CPU
		{EE7A140C-97C2-43F6-82EF-67EF441E1567}.Debug|iPhoneSimulator.Build.0 = Debug|Any CPU
		{EE7A140C-97C2-43F6-82EF-67EF441E1567}.Debug|iPhoneSimulator.Deploy.0 = Debug|Any CPU
		{EE7A140C-97C2-43F6-82EF-67EF441E1567}.Debug|x64.ActiveCfg = Debug|Any CPU
		{EE7A140C-97C2-43F6-82EF-67EF441E1567}.Debug|x64.Build.0 = Debug|Any CPU
		{EE7A140C-97C2-43F6-82EF-67EF441E1567}.Debug|x64.Deploy.0 = Debug|Any CPU
		{EE7A140C-97C2-43F6-82EF-67EF441E1567}.Debug|x86.ActiveCfg = Debug|Any CPU
		{EE7A140C-97C2-43F6-82EF-67EF441E1567}.Debug|x86.Build.0 = Debug|Any CPU
		{EE7A140C-97C2-43F6-82EF-67EF441E1567}.Debug|x86.Deploy.0 = Debug|Any CPU
		{EE7A140C-97C2-43F6-82EF-67EF441E1567}.Release|Any CPU.ActiveCfg = Release|Any CPU
		{EE7A140C-97C2-43F6-82EF-67EF441E1567}.Release|Any CPU.Build.0 = Release|Any CPU
		{EE7A140C-97C2-43F6-82EF-67EF441E1567}.Release|Any CPU.Deploy.0 = Release|Any CPU
		{EE7A140C-97C2-43F6-82EF-67EF441E1567}.Release|ARM.ActiveCfg = Release|Any CPU
		{EE7A140C-97C2-43F6-82EF-67EF441E1567}.Release|ARM.Build.0 = Release|Any CPU
		{EE7A140C-97C2-43F6-82EF-67EF441E1567}.Release|ARM.Deploy.0 = Release|Any CPU
		{EE7A140C-97C2-43F6-82EF-67EF441E1567}.Release|iPhone.ActiveCfg = Release|Any CPU
		{EE7A140C-97C2-43F6-82EF-67EF441E1567}.Release|iPhone.Build.0 = Release|Any CPU
		{EE7A140C-97C2-43F6-82EF-67EF441E1567}.Release|iPhone.Deploy.0 = Release|Any CPU
		{EE7A140C-97C2-43F6-82EF-67EF441E1567}.Release|iPhoneSimulator.ActiveCfg = Release|Any CPU
		{EE7A140C-97C2-43F6-82EF-67EF441E1567}.Release|iPhoneSimulator.Build.0 = Release|Any CPU
		{EE7A140C-97C2-43F6-82EF-67EF441E1567}.Release|iPhoneSimulator.Deploy.0 = Release|Any CPU
		{EE7A140C-97C2-43F6-82EF-67EF441E1567}.Release|x64.ActiveCfg = Release|Any CPU
		{EE7A140C-97C2-43F6-82EF-67EF441E1567}.Release|x64.Build.0 = Release|Any CPU
		{EE7A140C-97C2-43F6-82EF-67EF441E1567}.Release|x64.Deploy.0 = Release|Any CPU
		{EE7A140C-97C2-43F6-82EF-67EF441E1567}.Release|x86.ActiveCfg = Release|Any CPU
		{EE7A140C-97C2-43F6-82EF-67EF441E1567}.Release|x86.Build.0 = Release|Any CPU
		{EE7A140C-97C2-43F6-82EF-67EF441E1567}.Release|x86.Deploy.0 = Release|Any CPU
		{A78EDD1D-136B-45FF-A3AE-165E91ADD9AE}.Ad-Hoc|Any CPU.ActiveCfg = Ad-Hoc|iPhone
		{A78EDD1D-136B-45FF-A3AE-165E91ADD9AE}.Ad-Hoc|ARM.ActiveCfg = Ad-Hoc|iPhone
		{A78EDD1D-136B-45FF-A3AE-165E91ADD9AE}.Ad-Hoc|iPhone.ActiveCfg = Ad-Hoc|iPhone
		{A78EDD1D-136B-45FF-A3AE-165E91ADD9AE}.Ad-Hoc|iPhone.Build.0 = Ad-Hoc|iPhone
		{A78EDD1D-136B-45FF-A3AE-165E91ADD9AE}.Ad-Hoc|iPhoneSimulator.ActiveCfg = Ad-Hoc|iPhoneSimulator
		{A78EDD1D-136B-45FF-A3AE-165E91ADD9AE}.Ad-Hoc|iPhoneSimulator.Build.0 = Ad-Hoc|iPhoneSimulator
		{A78EDD1D-136B-45FF-A3AE-165E91ADD9AE}.Ad-Hoc|x64.ActiveCfg = Ad-Hoc|iPhone
		{A78EDD1D-136B-45FF-A3AE-165E91ADD9AE}.Ad-Hoc|x86.ActiveCfg = Ad-Hoc|iPhone
		{A78EDD1D-136B-45FF-A3AE-165E91ADD9AE}.AppStore|Any CPU.ActiveCfg = AppStore|iPhone
		{A78EDD1D-136B-45FF-A3AE-165E91ADD9AE}.AppStore|ARM.ActiveCfg = AppStore|iPhone
		{A78EDD1D-136B-45FF-A3AE-165E91ADD9AE}.AppStore|iPhone.ActiveCfg = AppStore|iPhone
		{A78EDD1D-136B-45FF-A3AE-165E91ADD9AE}.AppStore|iPhone.Build.0 = AppStore|iPhone
		{A78EDD1D-136B-45FF-A3AE-165E91ADD9AE}.AppStore|iPhoneSimulator.ActiveCfg = AppStore|iPhoneSimulator
		{A78EDD1D-136B-45FF-A3AE-165E91ADD9AE}.AppStore|iPhoneSimulator.Build.0 = AppStore|iPhoneSimulator
		{A78EDD1D-136B-45FF-A3AE-165E91ADD9AE}.AppStore|x64.ActiveCfg = AppStore|iPhone
		{A78EDD1D-136B-45FF-A3AE-165E91ADD9AE}.AppStore|x86.ActiveCfg = AppStore|iPhone
		{A78EDD1D-136B-45FF-A3AE-165E91ADD9AE}.Debug|Any CPU.ActiveCfg = Debug|iPhone
		{A78EDD1D-136B-45FF-A3AE-165E91ADD9AE}.Debug|ARM.ActiveCfg = Debug|iPhone
		{A78EDD1D-136B-45FF-A3AE-165E91ADD9AE}.Debug|iPhone.ActiveCfg = Debug|iPhone
		{A78EDD1D-136B-45FF-A3AE-165E91ADD9AE}.Debug|iPhone.Build.0 = Debug|iPhone
		{A78EDD1D-136B-45FF-A3AE-165E91ADD9AE}.Debug|iPhoneSimulator.ActiveCfg = Debug|iPhoneSimulator
		{A78EDD1D-136B-45FF-A3AE-165E91ADD9AE}.Debug|iPhoneSimulator.Build.0 = Debug|iPhoneSimulator
		{A78EDD1D-136B-45FF-A3AE-165E91ADD9AE}.Debug|x64.ActiveCfg = Debug|iPhone
		{A78EDD1D-136B-45FF-A3AE-165E91ADD9AE}.Debug|x86.ActiveCfg = Debug|iPhone
		{A78EDD1D-136B-45FF-A3AE-165E91ADD9AE}.Release|Any CPU.ActiveCfg = Release|iPhone
		{A78EDD1D-136B-45FF-A3AE-165E91ADD9AE}.Release|ARM.ActiveCfg = Release|iPhone
		{A78EDD1D-136B-45FF-A3AE-165E91ADD9AE}.Release|iPhone.ActiveCfg = Release|iPhone
		{A78EDD1D-136B-45FF-A3AE-165E91ADD9AE}.Release|iPhone.Build.0 = Release|iPhone
		{A78EDD1D-136B-45FF-A3AE-165E91ADD9AE}.Release|iPhoneSimulator.ActiveCfg = Release|iPhoneSimulator
		{A78EDD1D-136B-45FF-A3AE-165E91ADD9AE}.Release|iPhoneSimulator.Build.0 = Release|iPhoneSimulator
		{A78EDD1D-136B-45FF-A3AE-165E91ADD9AE}.Release|x64.ActiveCfg = Release|iPhone
		{A78EDD1D-136B-45FF-A3AE-165E91ADD9AE}.Release|x86.ActiveCfg = Release|iPhone
		{6F24CE22-C6C1-4BE4-A394-7650A0C25140}.Ad-Hoc|Any CPU.ActiveCfg = Release|x86
		{6F24CE22-C6C1-4BE4-A394-7650A0C25140}.Ad-Hoc|Any CPU.Build.0 = Release|x86
		{6F24CE22-C6C1-4BE4-A394-7650A0C25140}.Ad-Hoc|Any CPU.Deploy.0 = Release|x86
		{6F24CE22-C6C1-4BE4-A394-7650A0C25140}.Ad-Hoc|ARM.ActiveCfg = Release|ARM
		{6F24CE22-C6C1-4BE4-A394-7650A0C25140}.Ad-Hoc|ARM.Build.0 = Release|ARM
		{6F24CE22-C6C1-4BE4-A394-7650A0C25140}.Ad-Hoc|ARM.Deploy.0 = Release|ARM
		{6F24CE22-C6C1-4BE4-A394-7650A0C25140}.Ad-Hoc|iPhone.ActiveCfg = Release|x86
		{6F24CE22-C6C1-4BE4-A394-7650A0C25140}.Ad-Hoc|iPhone.Build.0 = Release|x86
		{6F24CE22-C6C1-4BE4-A394-7650A0C25140}.Ad-Hoc|iPhone.Deploy.0 = Release|x86
		{6F24CE22-C6C1-4BE4-A394-7650A0C25140}.Ad-Hoc|iPhoneSimulator.ActiveCfg = Release|x86
		{6F24CE22-C6C1-4BE4-A394-7650A0C25140}.Ad-Hoc|iPhoneSimulator.Build.0 = Release|x86
		{6F24CE22-C6C1-4BE4-A394-7650A0C25140}.Ad-Hoc|iPhoneSimulator.Deploy.0 = Release|x86
		{6F24CE22-C6C1-4BE4-A394-7650A0C25140}.Ad-Hoc|x64.ActiveCfg = Release|x64
		{6F24CE22-C6C1-4BE4-A394-7650A0C25140}.Ad-Hoc|x64.Build.0 = Release|x64
		{6F24CE22-C6C1-4BE4-A394-7650A0C25140}.Ad-Hoc|x64.Deploy.0 = Release|x64
		{6F24CE22-C6C1-4BE4-A394-7650A0C25140}.Ad-Hoc|x86.ActiveCfg = Release|x86
		{6F24CE22-C6C1-4BE4-A394-7650A0C25140}.Ad-Hoc|x86.Build.0 = Release|x86
		{6F24CE22-C6C1-4BE4-A394-7650A0C25140}.Ad-Hoc|x86.Deploy.0 = Release|x86
		{6F24CE22-C6C1-4BE4-A394-7650A0C25140}.AppStore|Any CPU.ActiveCfg = Release|x86
		{6F24CE22-C6C1-4BE4-A394-7650A0C25140}.AppStore|Any CPU.Build.0 = Release|x86
		{6F24CE22-C6C1-4BE4-A394-7650A0C25140}.AppStore|Any CPU.Deploy.0 = Release|x86
		{6F24CE22-C6C1-4BE4-A394-7650A0C25140}.AppStore|ARM.ActiveCfg = Release|ARM
		{6F24CE22-C6C1-4BE4-A394-7650A0C25140}.AppStore|ARM.Build.0 = Release|ARM
		{6F24CE22-C6C1-4BE4-A394-7650A0C25140}.AppStore|ARM.Deploy.0 = Release|ARM
		{6F24CE22-C6C1-4BE4-A394-7650A0C25140}.AppStore|iPhone.ActiveCfg = Release|x86
		{6F24CE22-C6C1-4BE4-A394-7650A0C25140}.AppStore|iPhone.Build.0 = Release|x86
		{6F24CE22-C6C1-4BE4-A394-7650A0C25140}.AppStore|iPhone.Deploy.0 = Release|x86
		{6F24CE22-C6C1-4BE4-A394-7650A0C25140}.AppStore|iPhoneSimulator.ActiveCfg = Release|x86
		{6F24CE22-C6C1-4BE4-A394-7650A0C25140}.AppStore|iPhoneSimulator.Build.0 = Release|x86
		{6F24CE22-C6C1-4BE4-A394-7650A0C25140}.AppStore|iPhoneSimulator.Deploy.0 = Release|x86
		{6F24CE22-C6C1-4BE4-A394-7650A0C25140}.AppStore|x64.ActiveCfg = Release|x64
		{6F24CE22-C6C1-4BE4-A394-7650A0C25140}.AppStore|x64.Build.0 = Release|x64
		{6F24CE22-C6C1-4BE4-A394-7650A0C25140}.AppStore|x64.Deploy.0 = Release|x64
		{6F24CE22-C6C1-4BE4-A394-7650A0C25140}.AppStore|x86.ActiveCfg = Release|x86
		{6F24CE22-C6C1-4BE4-A394-7650A0C25140}.AppStore|x86.Build.0 = Release|x86
		{6F24CE22-C6C1-4BE4-A394-7650A0C25140}.AppStore|x86.Deploy.0 = Release|x86
		{6F24CE22-C6C1-4BE4-A394-7650A0C25140}.Debug|Any CPU.ActiveCfg = Debug|x86
		{6F24CE22-C6C1-4BE4-A394-7650A0C25140}.Debug|ARM.ActiveCfg = Debug|ARM
		{6F24CE22-C6C1-4BE4-A394-7650A0C25140}.Debug|ARM.Build.0 = Debug|ARM
		{6F24CE22-C6C1-4BE4-A394-7650A0C25140}.Debug|ARM.Deploy.0 = Debug|ARM
		{6F24CE22-C6C1-4BE4-A394-7650A0C25140}.Debug|iPhone.ActiveCfg = Debug|x86
		{6F24CE22-C6C1-4BE4-A394-7650A0C25140}.Debug|iPhoneSimulator.ActiveCfg = Debug|x86
		{6F24CE22-C6C1-4BE4-A394-7650A0C25140}.Debug|x64.ActiveCfg = Debug|x64
		{6F24CE22-C6C1-4BE4-A394-7650A0C25140}.Debug|x64.Build.0 = Debug|x64
		{6F24CE22-C6C1-4BE4-A394-7650A0C25140}.Debug|x64.Deploy.0 = Debug|x64
		{6F24CE22-C6C1-4BE4-A394-7650A0C25140}.Debug|x86.ActiveCfg = Debug|x86
		{6F24CE22-C6C1-4BE4-A394-7650A0C25140}.Debug|x86.Build.0 = Debug|x86
		{6F24CE22-C6C1-4BE4-A394-7650A0C25140}.Debug|x86.Deploy.0 = Debug|x86
		{6F24CE22-C6C1-4BE4-A394-7650A0C25140}.Release|Any CPU.ActiveCfg = Release|x86
		{6F24CE22-C6C1-4BE4-A394-7650A0C25140}.Release|ARM.ActiveCfg = Release|ARM
		{6F24CE22-C6C1-4BE4-A394-7650A0C25140}.Release|ARM.Build.0 = Release|ARM
		{6F24CE22-C6C1-4BE4-A394-7650A0C25140}.Release|ARM.Deploy.0 = Release|ARM
		{6F24CE22-C6C1-4BE4-A394-7650A0C25140}.Release|iPhone.ActiveCfg = Release|x86
		{6F24CE22-C6C1-4BE4-A394-7650A0C25140}.Release|iPhoneSimulator.ActiveCfg = Release|x86
		{6F24CE22-C6C1-4BE4-A394-7650A0C25140}.Release|x64.ActiveCfg = Release|x64
		{6F24CE22-C6C1-4BE4-A394-7650A0C25140}.Release|x64.Build.0 = Release|x64
		{6F24CE22-C6C1-4BE4-A394-7650A0C25140}.Release|x64.Deploy.0 = Release|x64
		{6F24CE22-C6C1-4BE4-A394-7650A0C25140}.Release|x86.ActiveCfg = Release|x86
		{6F24CE22-C6C1-4BE4-A394-7650A0C25140}.Release|x86.Build.0 = Release|x86
		{6F24CE22-C6C1-4BE4-A394-7650A0C25140}.Release|x86.Deploy.0 = Release|x86
	EndGlobalSection
	GlobalSection(SolutionProperties) = preSolution
		HideSolutionNode = FALSE
	EndGlobalSection
	GlobalSection(ExtensibilityGlobals) = postSolution
		SolutionGuid = {FEFA0FEC-C44A-4AEF-BE8C-0A8AD34D28BA}
	EndGlobalSection
EndGlobal
